
Microsoft Visual Studio Solution File, Format Version 12.00
# Visual Studio Version 17
VisualStudioVersion = 17.10.35027.167
MinimumVisualStudioVersion = 10.0.40219.1
Project("{FAE04EC0-301F-11D3-BF4B-00C04F79EFBC}") = "WindowsFrmEx2", "WindowsFrmEx2\WindowsFrmEx2.csproj", "{40022E12-2AD7-4ACA-928E-961108D87A1C}"
EndProject
Global
	GlobalSection(SolutionConfigurationPlatforms) = preSolution
		Debug|Any CPU = Debug|Any CPU
		Release|Any CPU = Release|Any CPU
	EndGlobalSection
	GlobalSection(ProjectConfigurationPlatforms) = postSolution
		{40022E12-2AD7-4ACA-928E-961108D87A1C}.Debug|Any CPU.ActiveCfg = Debug|Any CPU
		{40022E12-2AD7-4ACA-928E-961108D87A1C}.Debug|Any CPU.Build.0 = Debug|Any CPU
		{40022E12-2AD7-4ACA-928E-961108D87A1C}.Release|Any CPU.ActiveCfg = Release|Any CPU
		{40022E12-2AD7-4ACA-928E-961108D87A1C}.Release|Any CPU.Build.0 = Release|Any CPU
	EndGlobalSection
	GlobalSection(SolutionProperties) = preSolution
		HideSolutionNode = FALSE
	EndGlobalSection
	GlobalSection(ExtensibilityGlobals) = postSolution
		SolutionGuid = {BD4CB829-D83C-43B0-904E-5CB5EBD3950F}
	EndGlobalSection
EndGlobal
